// !$*UTF8*$!
{
	archiveVersion = 1;
	classes = {
	};
	objectVersion = 77;
	objects = {

/* Begin PBXBuildFile section */
		063B50456E3C47AD1182E762 /* UndoLedger.swift in Sources */ = {isa = PBXBuildFile; fileRef = 88DAD93FDFB9505014881B70 /* UndoLedger.swift */; };
		15F083EC0B9DB0EE44D9585C /* Tweak.swift in Sources */ = {isa = PBXBuildFile; fileRef = 8BACE0936C396083BBBE9867 /* Tweak.swift */; };
		1793CCE3A2BB273424433034 /* PreferenceStore.swift in Sources */ = {isa = PBXBuildFile; fileRef = B8968C09FA53E19B8133E9C3 /* PreferenceStore.swift */; };
		23C39A08D796B4517CBEB9A6 /* TweakStore.swift in Sources */ = {isa = PBXBuildFile; fileRef = 88D18FDF62CAF03392D61CAF /* TweakStore.swift */; };
		28E4DDC1EE8BD894B772EDA7 /* CategoryNav.swift in Sources */ = {isa = PBXBuildFile; fileRef = 49EA744DB07D578E6A2066FC /* CategoryNav.swift */; };
		2ACE5320E3A5CF28D5A5A15E /* RestartCoordinator.swift in Sources */ = {isa = PBXBuildFile; fileRef = B5607F9A773CA8BFB3744D09 /* RestartCoordinator.swift */; };
		301506874562B39F65103426 /* VisualEffectBackground.swift in Sources */ = {isa = PBXBuildFile; fileRef = BEA1346564F40A58871F7F0C /* VisualEffectBackground.swift */; };
		46A3C5B36A736A812A201FBA /* SwitchboardApp.swift in Sources */ = {isa = PBXBuildFile; fileRef = 1E4A38313CAB22EE109A63C8 /* SwitchboardApp.swift */; };
		4D63E359B5595FFF4E6D6937 /* TweakRow.swift in Sources */ = {isa = PBXBuildFile; fileRef = 456B0B01FA009470CEEE8A25 /* TweakRow.swift */; };
		6399FDEE9A817258899CAFFB /* PopoverView.swift in Sources */ = {isa = PBXBuildFile; fileRef = B24382D42E5D8342EB12F9C9 /* PopoverView.swift */; };
		A10000000000000000000002 /* UtilityServices.swift in Sources */ = {isa = PBXBuildFile; fileRef = A10000000000000000000001 /* UtilityServices.swift */; };
		7D0FEB6CB392306F524D3BFB /* MenuBarIcon.swift in Sources */ = {isa = PBXBuildFile; fileRef = 8C48495F48B4742EF3E33D9D /* MenuBarIcon.swift */; };
		9D1C7530247EDF3FF722473D /* ApplyBar.swift in Sources */ = {isa = PBXBuildFile; fileRef = 351B9788911C1DDE92BDB476 /* ApplyBar.swift */; };
		A9B9C7349F4650C19E6411F2 /* StatusItemController.swift in Sources */ = {isa = PBXBuildFile; fileRef = 7587F57B35741679DAF0A5F0 /* StatusItemController.swift */; };
		CAD2D36222E9A4E67D18FB2B /* TweakCatalog.swift in Sources */ = {isa = PBXBuildFile; fileRef = 30E077C2A969EEAFE301C60E /* TweakCatalog.swift */; };
		CD5993B1D118DDAB76607221 /* LaunchAtLogin.swift in Sources */ = {isa = PBXBuildFile; fileRef = D5D4F3632CB611A2FE4CC39F /* LaunchAtLogin.swift */; };
		E826485CA77D0E4BB839211A /* Theme.swift in Sources */ = {isa = PBXBuildFile; fileRef = BF49656E31E00F535E0CB517 /* Theme.swift */; };
		F22DE98F5478599D7A3100DB /* Assets.xcassets in Resources */ = {isa = PBXBuildFile; fileRef = F5AEA8ABFB9E4FB7596DA695 /* Assets.xcassets */; };
/* End PBXBuildFile section */

/* Begin PBXFileReference section */
		1E4A38313CAB22EE109A63C8 /* SwitchboardApp.swift */ = {isa = PBXFileReference; lastKnownFileType = sourcecode.swift; path = SwitchboardApp.swift; sourceTree = "<group>"; };
		30E077C2A969EEAFE301C60E /* TweakCatalog.swift */ = {isa = PBXFileReference; lastKnownFileType = sourcecode.swift; path = TweakCatalog.swift; sourceTree = "<group>"; };
		351B9788911C1DDE92BDB476 /* ApplyBar.swift */ = {isa = PBXFileReference; lastKnownFileType = sourcecode.swift; path = ApplyBar.swift; sourceTree = "<group>"; };
		4004C53F482006BE156FAA88 /* Switchboard.app */ = {isa = PBXFileReference; explicitFileType = wrapper.application; includeInIndex = 0; path = Switchboard.app; sourceTree = BUILT_PRODUCTS_DIR; };
		456B0B01FA009470CEEE8A25 /* TweakRow.swift */ = {isa = PBXFileReference; lastKnownFileType = sourcecode.swift; path = TweakRow.swift; sourceTree = "<group>"; };
		49EA744DB07D578E6A2066FC /* CategoryNav.swift */ = {isa = PBXFileReference; lastKnownFileType = sourcecode.swift; path = CategoryNav.swift; sourceTree = "<group>"; };
		7587F57B35741679DAF0A5F0 /* StatusItemController.swift */ = {isa = PBXFileReference; lastKnownFileType = sourcecode.swift; path = StatusItemController.swift; sourceTree = "<group>"; };
		88D18FDF62CAF03392D61CAF /* TweakStore.swift */ = {isa = PBXFileReference; lastKnownFileType = sourcecode.swift; path = TweakStore.swift; sourceTree = "<group>"; };
		88DAD93FDFB9505014881B70 /* UndoLedger.swift */ = {isa = PBXFileReference; lastKnownFileType = sourcecode.swift; path = UndoLedger.swift; sourceTree = "<group>"; };
		8BACE0936C396083BBBE9867 /* Tweak.swift */ = {isa = PBXFileReference; lastKnownFileType = sourcecode.swift; path = Tweak.swift; sourceTree = "<group>"; };
		8C48495F48B4742EF3E33D9D /* MenuBarIcon.swift */ = {isa = PBXFileReference; lastKnownFileType = sourcecode.swift; path = MenuBarIcon.swift; sourceTree = "<group>"; };
		91EA732BBFDE52F306868A9C /* Info.plist */ = {isa = PBXFileReference; lastKnownFileType = text.plist; path = Info.plist; sourceTree = "<group>"; };
		A10000000000000000000001 /* UtilityServices.swift */ = {isa = PBXFileReference; lastKnownFileType = sourcecode.swift; path = UtilityServices.swift; sourceTree = "<group>"; };
		B24382D42E5D8342EB12F9C9 /* PopoverView.swift */ = {isa = PBXFileReference; lastKnownFileType = sourcecode.swift; path = PopoverView.swift; sourceTree = "<group>"; };
		B5607F9A773CA8BFB3744D09 /* RestartCoordinator.swift */ = {isa = PBXFileReference; lastKnownFileType = sourcecode.swift; path = RestartCoordinator.swift; sourceTree = "<group>"; };
		B8968C09FA53E19B8133E9C3 /* PreferenceStore.swift */ = {isa = PBXFileReference; lastKnownFileType = sourcecode.swift; path = PreferenceStore.swift; sourceTree = "<group>"; };
		BEA1346564F40A58871F7F0C /* VisualEffectBackground.swift */ = {isa = PBXFileReference; lastKnownFileType = sourcecode.swift; path = VisualEffectBackground.swift; sourceTree = "<group>"; };
		BF49656E31E00F535E0CB517 /* Theme.swift */ = {isa = PBXFileReference; lastKnownFileType = sourcecode.swift; path = Theme.swift; sourceTree = "<group>"; };
		D5D4F3632CB611A2FE4CC39F /* LaunchAtLogin.swift */ = {isa = PBXFileReference; lastKnownFileType = sourcecode.swift; path = LaunchAtLogin.swift; sourceTree = "<group>"; };
		F5AEA8ABFB9E4FB7596DA695 /* Assets.xcassets */ = {isa = PBXFileReference; lastKnownFileType = folder.assetcatalog; path = Assets.xcassets; sourceTree = "<group>"; };
/* End PBXFileReference section */

/* Begin PBXGroup section */
		0F26356606361585FADD38EF /* Switchboard */ = {
			isa = PBXGroup;
			children = (
				F5AEA8ABFB9E4FB7596DA695 /* Assets.xcassets */,
				91EA732BBFDE52F306868A9C /* Info.plist */,
				6EB4769FEB1BD3D5E972E12D /* App */,
				2B624AED26B69B7A9D488540 /* Model */,
				EF2BE610A650242C0C4EFB43 /* Services */,
				F3B09B6852F966541DBBC8F2 /* Support */,
				A49570240DADA4DBFD79C923 /* Views */,
			);
			path = Switchboard;
			sourceTree = "<group>";
		};
		2B624AED26B69B7A9D488540 /* Model */ = {
			isa = PBXGroup;
			children = (
				8BACE0936C396083BBBE9867 /* Tweak.swift */,
				30E077C2A969EEAFE301C60E /* TweakCatalog.swift */,
				88D18FDF62CAF03392D61CAF /* TweakStore.swift */,
			);
			path = Model;
			sourceTree = "<group>";
		};
		6EB4769FEB1BD3D5E972E12D /* App */ = {
			isa = PBXGroup;
			children = (
				7587F57B35741679DAF0A5F0 /* StatusItemController.swift */,
				1E4A38313CAB22EE109A63C8 /* SwitchboardApp.swift */,
			);
			path = App;
			sourceTree = "<group>";
		};
		A2132641A5E56E0EF102F01C /* Products */ = {
			isa = PBXGroup;
			children = (
				4004C53F482006BE156FAA88 /* Switchboard.app */,
			);
			name = Products;
			sourceTree = "<group>";
		};
		A49570240DADA4DBFD79C923 /* Views */ = {
			isa = PBXGroup;
			children = (
				351B9788911C1DDE92BDB476 /* ApplyBar.swift */,
				49EA744DB07D578E6A2066FC /* CategoryNav.swift */,
				B24382D42E5D8342EB12F9C9 /* PopoverView.swift */,
				BF49656E31E00F535E0CB517 /* Theme.swift */,
				456B0B01FA009470CEEE8A25 /* TweakRow.swift */,
			);
			path = Views;
			sourceTree = "<group>";
		};
		C271F4F2A2C5E3D13EA9CACB = {
			isa = PBXGroup;
			children = (
				0F26356606361585FADD38EF /* Switchboard */,
				A2132641A5E56E0EF102F01C /* Products */,
			);
			sourceTree = "<group>";
		};
		EF2BE610A650242C0C4EFB43 /* Services */ = {
			isa = PBXGroup;
			children = (
				D5D4F3632CB611A2FE4CC39F /* LaunchAtLogin.swift */,
				B8968C09FA53E19B8133E9C3 /* PreferenceStore.swift */,
				B5607F9A773CA8BFB3744D09 /* RestartCoordinator.swift */,
				88DAD93FDFB9505014881B70 /* UndoLedger.swift */,
				A10000000000000000000001 /* UtilityServices.swift */,
			);
			path = Services;
			sourceTree = "<group>";
		};
		F3B09B6852F966541DBBC8F2 /* Support */ = {
			isa = PBXGroup;
			children = (
				8C48495F48B4742EF3E33D9D /* MenuBarIcon.swift */,
				BEA1346564F40A58871F7F0C /* VisualEffectBackground.swift */,
			);
			path = Support;
			sourceTree = "<group>";
		};
/* End PBXGroup section */

/* Begin PBXNativeTarget section */
		83C9C7CC6B2EA5A2C39F8A7F /* Switchboard */ = {
			isa = PBXNativeTarget;
			buildConfigurationList = D3541CC1783A12BFD777048D /* Build configuration list for PBXNativeTarget "Switchboard" */;
			buildPhases = (
				F4FDF08320DCB55D20886994 /* Sources */,
				6FF9F3F733346680C2A3CDDD /* Resources */,
			);
			buildRules = (
			);
			dependencies = (
			);
			name = Switchboard;
			packageProductDependencies = (
			);
			productName = Switchboard;
			productReference = 4004C53F482006BE156FAA88 /* Switchboard.app */;
			productType = "com.apple.product-type.application";
		};
/* End PBXNativeTarget section */

/* Begin PBXProject section */
		6F95C8DF56C4BC71F76DD868 /* Project object */ = {
			isa = PBXProject;
			attributes = {
				BuildIndependentTargetsInParallel = YES;
				LastUpgradeCheck = 1430;
				TargetAttributes = {
					83C9C7CC6B2EA5A2C39F8A7F = {
						DevelopmentTeam = "";
						ProvisioningStyle = Automatic;
					};
				};
			};
			buildConfigurationList = 2193B2539C608969FBCED6B6 /* Build configuration list for PBXProject "Switchboard" */;
			developmentRegion = en;
			hasScannedForEncodings = 0;
			knownRegions = (
				Base,
				en,
			);
			mainGroup = C271F4F2A2C5E3D13EA9CACB;
			minimizedProjectReferenceProxies = 1;
			preferredProjectObjectVersion = 77;
			productRefGroup = A2132641A5E56E0EF102F01C /* Products */;
			projectDirPath = "";
			projectRoot = "";
			targets = (
				83C9C7CC6B2EA5A2C39F8A7F /* Switchboard */,
			);
		};
/* End PBXProject section */

/* Begin PBXResourcesBuildPhase section */
		6FF9F3F733346680C2A3CDDD /* Resources */ = {
			isa = PBXResourcesBuildPhase;
			buildActionMask = 2147483647;
			files = (
				F22DE98F5478599D7A3100DB /* Assets.xcassets in Resources */,
			);
			runOnlyForDeploymentPostprocessing = 0;
		};
/* End PBXResourcesBuildPhase section */

/* Begin PBXSourcesBuildPhase section */
		F4FDF08320DCB55D20886994 /* Sources */ = {
			isa = PBXSourcesBuildPhase;
			buildActionMask = 2147483647;
			files = (
				9D1C7530247EDF3FF722473D /* ApplyBar.swift in Sources */,
				28E4DDC1EE8BD894B772EDA7 /* CategoryNav.swift in Sources */,
				CD5993B1D118DDAB76607221 /* LaunchAtLogin.swift in Sources */,
				7D0FEB6CB392306F524D3BFB /* MenuBarIcon.swift in Sources */,
				6399FDEE9A817258899CAFFB /* PopoverView.swift in Sources */,
				1793CCE3A2BB273424433034 /* PreferenceStore.swift in Sources */,
				2ACE5320E3A5CF28D5A5A15E /* RestartCoordinator.swift in Sources */,
				A9B9C7349F4650C19E6411F2 /* StatusItemController.swift in Sources */,
				46A3C5B36A736A812A201FBA /* SwitchboardApp.swift in Sources */,
				A10000000000000000000002 /* UtilityServices.swift in Sources */,
				E826485CA77D0E4BB839211A /* Theme.swift in Sources */,
				15F083EC0B9DB0EE44D9585C /* Tweak.swift in Sources */,
				CAD2D36222E9A4E67D18FB2B /* TweakCatalog.swift in Sources */,
				4D63E359B5595FFF4E6D6937 /* TweakRow.swift in Sources */,
				23C39A08D796B4517CBEB9A6 /* TweakStore.swift in Sources */,
				063B50456E3C47AD1182E762 /* UndoLedger.swift in Sources */,
				301506874562B39F65103426 /* VisualEffectBackground.swift in Sources */,
			);
			runOnlyForDeploymentPostprocessing = 0;
		};
/* End PBXSourcesBuildPhase section */

/* Begin XCBuildConfiguration section */
		3BC1F0366BE9BBFD061899EE /* Release */ = {
			isa = XCBuildConfiguration;
			buildSettings = {
				ASSETCATALOG_COMPILER_APPICON_NAME = AppIcon;
				COMBINE_HIDPI_IMAGES = YES;
				ENABLE_APP_SANDBOX = NO;
				INFOPLIST_FILE = Switchboard/Info.plist;
				LD_RUNPATH_SEARCH_PATHS = (
					"$(inherited)",
					"@executable_path/../Frameworks",
				);
				PRODUCT_BUNDLE_IDENTIFIER = com.Mehul72.switchboard;
				PRODUCT_NAME = Switchboard;
				SDKROOT = macosx;
			};
			name = Release;
		};
		6D704E196A1FBAA1BA9335A2 /* Release */ = {
			isa = XCBuildConfiguration;
			buildSettings = {
				ALWAYS_SEARCH_USER_PATHS = NO;
				CLANG_ANALYZER_NONNULL = YES;
				CLANG_ANALYZER_NUMBER_OBJECT_CONVERSION = YES_AGGRESSIVE;
				CLANG_CXX_LANGUAGE_STANDARD = "gnu++14";
				CLANG_CXX_LIBRARY = "libc++";
				CLANG_ENABLE_MODULES = YES;
				CLANG_ENABLE_OBJC_ARC = YES;
				CLANG_ENABLE_OBJC_WEAK = YES;
				CLANG_WARN_BLOCK_CAPTURE_AUTORELEASING = YES;
				CLANG_WARN_BOOL_CONVERSION = YES;
				CLANG_WARN_COMMA = YES;
				CLANG_WARN_CONSTANT_CONVERSION = YES;
				CLANG_WARN_DEPRECATED_OBJC_IMPLEMENTATIONS = YES;
				CLANG_WARN_DIRECT_OBJC_ISA_USAGE = YES_ERROR;
				CLANG_WARN_DOCUMENTATION_COMMENTS = YES;
				CLANG_WARN_EMPTY_BODY = YES;
				CLANG_WARN_ENUM_CONVERSION = YES;
				CLANG_WARN_INFINITE_RECURSION = YES;
				CLANG_WARN_INT_CONVERSION = YES;
				CLANG_WARN_NON_LITERAL_NULL_CONVERSION = YES;
				CLANG_WARN_OBJC_IMPLICIT_RETAIN_SELF = YES;
				CLANG_WARN_OBJC_LITERAL_CONVERSION = YES;
				CLANG_WARN_OBJC_ROOT_CLASS = YES_ERROR;
				CLANG_WARN_QUOTED_INCLUDE_IN_FRAMEWORK_HEADER = YES;
				CLANG_WARN_RANGE_LOOP_ANALYSIS = YES;
				CLANG_WARN_STRICT_PROTOTYPES = YES;
				CLANG_WARN_SUSPICIOUS_MOVE = YES;
				CLANG_WARN_UNGUARDED_AVAILABILITY = YES_AGGRESSIVE;
				CLANG_WARN_UNREACHABLE_CODE = YES;
				CLANG_WARN__DUPLICATE_METHOD_MATCH = YES;
				CODE_SIGN_IDENTITY = "-";
				CODE_SIGN_STYLE = Automatic;
				COPY_PHASE_STRIP = NO;
				CURRENT_PROJECT_VERSION = 1;
				DEBUG_INFORMATION_FORMAT = "dwarf-with-dsym";
				DEVELOPMENT_TEAM = "";
				ENABLE_HARDENED_RUNTIME = NO;
				ENABLE_NS_ASSERTIONS = NO;
				ENABLE_STRICT_OBJC_MSGSEND = YES;
				GCC_C_LANGUAGE_STANDARD = gnu11;
				GCC_NO_COMMON_BLOCKS = YES;
				GCC_WARN_64_TO_32_BIT_CONVERSION = YES;
				GCC_WARN_ABOUT_RETURN_TYPE = YES_ERROR;
				GCC_WARN_UNDECLARED_SELECTOR = YES;
				GCC_WARN_UNINITIALIZED_AUTOS = YES_AGGRESSIVE;
				GCC_WARN_UNUSED_FUNCTION = YES;
				GCC_WARN_UNUSED_VARIABLE = YES;
				MACOSX_DEPLOYMENT_TARGET = 14.0;
				MARKETING_VERSION = 1.0;
				MTL_ENABLE_DEBUG_INFO = NO;
				MTL_FAST_MATH = YES;
				PRODUCT_NAME = "$(TARGET_NAME)";
				SDKROOT = macosx;
				SWIFT_COMPILATION_MODE = wholemodule;
				SWIFT_OPTIMIZATION_LEVEL = "-O";
				SWIFT_VERSION = 5.0;
			};
			name = Release;
		};
		C6E0E6181320EE5BDCD93941 /* Debug */ = {
			isa = XCBuildConfiguration;
			buildSettings = {
				ASSETCATALOG_COMPILER_APPICON_NAME = AppIcon;
				COMBINE_HIDPI_IMAGES = YES;
				ENABLE_APP_SANDBOX = NO;
				INFOPLIST_FILE = Switchboard/Info.plist;
				LD_RUNPATH_SEARCH_PATHS = (
					"$(inherited)",
					"@executable_path/../Frameworks",
				);
				PRODUCT_BUNDLE_IDENTIFIER = com.Mehul72.switchboard;
				PRODUCT_NAME = Switchboard;
				SDKROOT = macosx;
			};
			name = Debug;
		};
		EF3CF970DF9BDCDC2DFF8B9D /* Debug */ = {
			isa = XCBuildConfiguration;
			buildSettings = {
				ALWAYS_SEARCH_USER_PATHS = NO;
				CLANG_ANALYZER_NONNULL = YES;
				CLANG_ANALYZER_NUMBER_OBJECT_CONVERSION = YES_AGGRESSIVE;
				CLANG_CXX_LANGUAGE_STANDARD = "gnu++14";
				CLANG_CXX_LIBRARY = "libc++";
				CLANG_ENABLE_MODULES = YES;
				CLANG_ENABLE_OBJC_ARC = YES;
				CLANG_ENABLE_OBJC_WEAK = YES;
				CLANG_WARN_BLOCK_CAPTURE_AUTORELEASING = YES;
				CLANG_WARN_BOOL_CONVERSION = YES;
				CLANG_WARN_COMMA = YES;
				CLANG_WARN_CONSTANT_CONVERSION = YES;
				CLANG_WARN_DEPRECATED_OBJC_IMPLEMENTATIONS = YES;
				CLANG_WARN_DIRECT_OBJC_ISA_USAGE = YES_ERROR;
				CLANG_WARN_DOCUMENTATION_COMMENTS = YES;
				CLANG_WARN_EMPTY_BODY = YES;
				CLANG_WARN_ENUM_CONVERSION = YES;
				CLANG_WARN_INFINITE_RECURSION = YES;
				CLANG_WARN_INT_CONVERSION = YES;
				CLANG_WARN_NON_LITERAL_NULL_CONVERSION = YES;
				CLANG_WARN_OBJC_IMPLICIT_RETAIN_SELF = YES;
				CLANG_WARN_OBJC_LITERAL_CONVERSION = YES;
				CLANG_WARN_OBJC_ROOT_CLASS = YES_ERROR;
				CLANG_WARN_QUOTED_INCLUDE_IN_FRAMEWORK_HEADER = YES;
				CLANG_WARN_RANGE_LOOP_ANALYSIS = YES;
				CLANG_WARN_STRICT_PROTOTYPES = YES;
				CLANG_WARN_SUSPICIOUS_MOVE = YES;
				CLANG_WARN_UNGUARDED_AVAILABILITY = YES_AGGRESSIVE;
				CLANG_WARN_UNREACHABLE_CODE = YES;
				CLANG_WARN__DUPLICATE_METHOD_MATCH = YES;
				CODE_SIGN_IDENTITY = "-";
				CODE_SIGN_STYLE = Automatic;
				COPY_PHASE_STRIP = NO;
				CURRENT_PROJECT_VERSION = 1;
				DEBUG_INFORMATION_FORMAT = dwarf;
				DEVELOPMENT_TEAM = "";
				ENABLE_HARDENED_RUNTIME = NO;
				ENABLE_STRICT_OBJC_MSGSEND = YES;
				ENABLE_TESTABILITY = YES;
				GCC_C_LANGUAGE_STANDARD = gnu11;
				GCC_DYNAMIC_NO_PIC = NO;
				GCC_NO_COMMON_BLOCKS = YES;
				GCC_OPTIMIZATION_LEVEL = 0;
				GCC_PREPROCESSOR_DEFINITIONS = (
					"$(inherited)",
					"DEBUG=1",
				);
				GCC_WARN_64_TO_32_BIT_CONVERSION = YES;
				GCC_WARN_ABOUT_RETURN_TYPE = YES_ERROR;
				GCC_WARN_UNDECLARED_SELECTOR = YES;
				GCC_WARN_UNINITIALIZED_AUTOS = YES_AGGRESSIVE;
				GCC_WARN_UNUSED_FUNCTION = YES;
				GCC_WARN_UNUSED_VARIABLE = YES;
				MACOSX_DEPLOYMENT_TARGET = 14.0;
				MARKETING_VERSION = 1.0;
				MTL_ENABLE_DEBUG_INFO = INCLUDE_SOURCE;
				MTL_FAST_MATH = YES;
				ONLY_ACTIVE_ARCH = YES;
				PRODUCT_NAME = "$(TARGET_NAME)";
				SDKROOT = macosx;
				SWIFT_ACTIVE_COMPILATION_CONDITIONS = DEBUG;
				SWIFT_OPTIMIZATION_LEVEL = "-Onone";
				SWIFT_VERSION = 5.0;
			};
			name = Debug;
		};
/* End XCBuildConfiguration section */

/* Begin XCConfigurationList section */
		2193B2539C608969FBCED6B6 /* Build configuration list for PBXProject "Switchboard" */ = {
			isa = XCConfigurationList;
			buildConfigurations = (
				EF3CF970DF9BDCDC2DFF8B9D /* Debug */,
				6D704E196A1FBAA1BA9335A2 /* Release */,
			);
			defaultConfigurationIsVisible = 0;
			defaultConfigurationName = Debug;
		};
		D3541CC1783A12BFD777048D /* Build configuration list for PBXNativeTarget "Switchboard" */ = {
			isa = XCConfigurationList;
			buildConfigurations = (
				C6E0E6181320EE5BDCD93941 /* Debug */,
				3BC1F0366BE9BBFD061899EE /* Release */,
			);
			defaultConfigurationIsVisible = 0;
			defaultConfigurationName = Debug;
		};
/* End XCConfigurationList section */
	};
	rootObject = 6F95C8DF56C4BC71F76DD868 /* Project object */;
}
